
Microsoft Visual Studio Solution File, Format Version 12.00
# Visual Studio Version 17
VisualStudioVersion = 17.6.33617.297
MinimumVisualStudioVersion = 10.0.40219.1
Project("{FAE04EC0-301F-11D3-BF4B-00C04F79EFBC}") = "UsdtTelegrambot", "UsdtTelegrambot.csproj", "{90CC6BD5-C13A-41EF-AA0B-7886B3EEA0B7}"
EndProject
Global
	GlobalSection(SolutionConfigurationPlatforms) = preSolution
		Debug|Any CPU = Debug|Any CPU
		Release|Any CPU = Release|Any CPU
	EndGlobalSection
	GlobalSection(ProjectConfigurationPlatforms) = postSolution
		{90CC6BD5-C13A-41EF-AA0B-7886B3EEA0B7}.Debug|Any CPU.ActiveCfg = Debug|Any CPU
		{90CC6BD5-C13A-41EF-AA0B-7886B3EEA0B7}.Debug|Any CPU.Build.0 = Debug|Any CPU
		{90CC6BD5-C13A-41EF-AA0B-7886B3EEA0B7}.Release|Any CPU.ActiveCfg = Release|Any CPU
		{90CC6BD5-C13A-41EF-AA0B-7886B3EEA0B7}.Release|Any CPU.Build.0 = Release|Any CPU
	EndGlobalSection
	GlobalSection(SolutionProperties) = preSolution
		HideSolutionNode = FALSE
	EndGlobalSection
	GlobalSection(ExtensibilityGlobals) = postSolution
		SolutionGuid = {5485D7FD-B28C-4DF9-BEEC-1586AC7E19B2}
	EndGlobalSection
EndGlobal
